
Microsoft Visual Studio Solution File, Format Version 12.00
# Visual Studio Version 16
VisualStudioVersion = 16.0.31321.278
MinimumVisualStudioVersion = 10.0.40219.1
Project("{FAE04EC0-301F-11D3-BF4B-00C04F79EFBC}") = "T03_02_variables", "T03_02_variables.csproj", "{C2A82B4B-BBA6-4BFA-88AA-68EB65C7A564}"
EndProject
Global
	GlobalSection(SolutionConfigurationPlatforms) = preSolution
		Debug|Any CPU = Debug|Any CPU
		Release|Any CPU = Release|Any CPU
	EndGlobalSection
	GlobalSection(ProjectConfigurationPlatforms) = postSolution
		{C2A82B4B-BBA6-4BFA-88AA-68EB65C7A564}.Debug|Any CPU.ActiveCfg = Debug|Any CPU
		{C2A82B4B-BBA6-4BFA-88AA-68EB65C7A564}.Debug|Any CPU.Build.0 = Debug|Any CPU
		{C2A82B4B-BBA6-4BFA-88AA-68EB65C7A564}.Release|Any CPU.ActiveCfg = Release|Any CPU
		{C2A82B4B-BBA6-4BFA-88AA-68EB65C7A564}.Release|Any CPU.Build.0 = Release|Any CPU
	EndGlobalSection
	GlobalSection(SolutionProperties) = preSolution
		HideSolutionNode = FALSE
	EndGlobalSection
	GlobalSection(ExtensibilityGlobals) = postSolution
		SolutionGuid = {623468A5-C35D-4338-95B2-1D90D34E66F0}
	EndGlobalSection
EndGlobal
